
Microsoft Visual Studio Solution File, Format Version 12.00
# Visual Studio 15
VisualStudioVersion = 15.0.28307.1169
MinimumVisualStudioVersion = 10.0.40219.1
Project("{FAE04EC0-301F-11D3-BF4B-00C04F79EFBC}") = "MedicalIndices3", "MedicalIndices3\MedicalIndices3.csproj", "{2E63599D-F0A4-4949-BE92-919B713F1113}"
EndProject
Global
	GlobalSection(SolutionConfigurationPlatforms) = preSolution
		Debug|Any CPU = Debug|Any CPU
		Release|Any CPU = Release|Any CPU
	EndGlobalSection
	GlobalSection(ProjectConfigurationPlatforms) = postSolution
		{2E63599D-F0A4-4949-BE92-919B713F1113}.Debug|Any CPU.ActiveCfg = Debug|Any CPU
		{2E63599D-F0A4-4949-BE92-919B713F1113}.Debug|Any CPU.Build.0 = Debug|Any CPU
		{2E63599D-F0A4-4949-BE92-919B713F1113}.Release|Any CPU.ActiveCfg = Release|Any CPU
		{2E63599D-F0A4-4949-BE92-919B713F1113}.Release|Any CPU.Build.0 = Release|Any CPU
	EndGlobalSection
	GlobalSection(SolutionProperties) = preSolution
		HideSolutionNode = FALSE
	EndGlobalSection
	GlobalSection(ExtensibilityGlobals) = postSolution
		SolutionGuid = {74569E07-55C8-4868-BEE6-AB5333840937}
	EndGlobalSection
EndGlobal
