
Microsoft Visual Studio Solution File, Format Version 12.00
# Visual Studio 15
VisualStudioVersion = 15.0.28307.1169
MinimumVisualStudioVersion = 10.0.40219.1
Project("{FAE04EC0-301F-11D3-BF4B-00C04F79EFBC}") = "LibraryDiagnosis", "LibraryDiagnosis\LibraryDiagnosis.csproj", "{60CA45D3-636D-4192-92F7-9D71DDE34C5D}"
EndProject
Global
	GlobalSection(SolutionConfigurationPlatforms) = preSolution
		Debug|Any CPU = Debug|Any CPU
		Release|Any CPU = Release|Any CPU
	EndGlobalSection
	GlobalSection(ProjectConfigurationPlatforms) = postSolution
		{60CA45D3-636D-4192-92F7-9D71DDE34C5D}.Debug|Any CPU.ActiveCfg = Debug|Any CPU
		{60CA45D3-636D-4192-92F7-9D71DDE34C5D}.Debug|Any CPU.Build.0 = Debug|Any CPU
		{60CA45D3-636D-4192-92F7-9D71DDE34C5D}.Release|Any CPU.ActiveCfg = Release|Any CPU
		{60CA45D3-636D-4192-92F7-9D71DDE34C5D}.Release|Any CPU.Build.0 = Release|Any CPU
	EndGlobalSection
	GlobalSection(SolutionProperties) = preSolution
		HideSolutionNode = FALSE
	EndGlobalSection
	GlobalSection(ExtensibilityGlobals) = postSolution
		SolutionGuid = {B674F817-E904-4BE1-B8CF-64495E06ADDB}
	EndGlobalSection
EndGlobal
